// !$*UTF8*$!
{
	archiveVersion = 1;
	classes = {
	};
	objectVersion = 56;
	objects = {

/* Begin PBXBuildFile section */
		D51E742D2B7AA31A00E2A6F9 /* AmountIconView.swift in Sources */ = {isa = PBXBuildFile; fileRef = D51E742C2B7AA31A00E2A6F9 /* AmountIconView.swift */; };
		D51E742F2B7AA3BE00E2A6F9 /* ListView.swift in Sources */ = {isa = PBXBuildFile; fileRef = D51E742E2B7AA3BE00E2A6F9 /* ListView.swift */; };
		D59510222B5EB6AE0069FC25 /* iExpenseApp.swift in Sources */ = {isa = PBXBuildFile; fileRef = D59510212B5EB6AE0069FC25 /* iExpenseApp.swift */; };
		D59510242B5EB6AE0069FC25 /* ContentView.swift in Sources */ = {isa = PBXBuildFile; fileRef = D59510232B5EB6AE0069FC25 /* ContentView.swift */; };
		D59510262B5EB6AF0069FC25 /* Assets.xcassets in Resources */ = {isa = PBXBuildFile; fileRef = D59510252B5EB6AF0069FC25 /* Assets.xcassets */; };
		D59510292B5EB6AF0069FC25 /* Preview Assets.xcassets in Resources */ = {isa = PBXBuildFile; fileRef = D59510282B5EB6AF0069FC25 /* Preview Assets.xcassets */; };
		D59510332B5EB6AF0069FC25 /* iExpenseTests.swift in Sources */ = {isa = PBXBuildFile; fileRef = D59510322B5EB6AF0069FC25 /* iExpenseTests.swift */; };
		D595103D2B5EB6AF0069FC25 /* iExpenseUITests.swift in Sources */ = {isa = PBXBuildFile; fileRef = D595103C2B5EB6AF0069FC25 /* iExpenseUITests.swift */; };
		D595103F2B5EB6AF0069FC25 /* iExpenseUITestsLaunchTests.swift in Sources */ = {isa = PBXBuildFile; fileRef = D595103E2B5EB6AF0069FC25 /* iExpenseUITestsLaunchTests.swift */; };
		D595104C2B5F11CC0069FC25 /* AddView.swift in Sources */ = {isa = PBXBuildFile; fileRef = D595104B2B5F11CC0069FC25 /* AddView.swift */; };
		D5E3755F2B7A8F05004389CF /* ExpenseItem.swift in Sources */ = {isa = PBXBuildFile; fileRef = D5E3755E2B7A8F05004389CF /* ExpenseItem.swift */; };
/* End PBXBuildFile section */

/* Begin PBXContainerItemProxy section */
		D595102F2B5EB6AF0069FC25 /* PBXContainerItemProxy */ = {
			isa = PBXContainerItemProxy;
			containerPortal = D59510162B5EB6AE0069FC25 /* Project object */;
			proxyType = 1;
			remoteGlobalIDString = D595101D2B5EB6AE0069FC25;
			remoteInfo = iExpense;
		};
		D59510392B5EB6AF0069FC25 /* PBXContainerItemProxy */ = {
			isa = PBXContainerItemProxy;
			containerPortal = D59510162B5EB6AE0069FC25 /* Project object */;
			proxyType = 1;
			remoteGlobalIDString = D595101D2B5EB6AE0069FC25;
			remoteInfo = iExpense;
		};
/* End PBXContainerItemProxy section */

/* Begin PBXFileReference section */
		D51E742C2B7AA31A00E2A6F9 /* AmountIconView.swift */ = {isa = PBXFileReference; lastKnownFileType = sourcecode.swift; path = AmountIconView.swift; sourceTree = "<group>"; };
		D51E742E2B7AA3BE00E2A6F9 /* ListView.swift */ = {isa = PBXFileReference; lastKnownFileType = sourcecode.swift; path = ListView.swift; sourceTree = "<group>"; };
		D595101E2B5EB6AE0069FC25 /* iExpense.app */ = {isa = PBXFileReference; explicitFileType = wrapper.application; includeInIndex = 0; path = iExpense.app; sourceTree = BUILT_PRODUCTS_DIR; };
		D59510212B5EB6AE0069FC25 /* iExpenseApp.swift */ = {isa = PBXFileReference; lastKnownFileType = sourcecode.swift; path = iExpenseApp.swift; sourceTree = "<group>"; };
		D59510232B5EB6AE0069FC25 /* ContentView.swift */ = {isa = PBXFileReference; lastKnownFileType = sourcecode.swift; path = ContentView.swift; sourceTree = "<group>"; };
		D59510252B5EB6AF0069FC25 /* Assets.xcassets */ = {isa = PBXFileReference; lastKnownFileType = folder.assetcatalog; path = Assets.xcassets; sourceTree = "<group>"; };
		D59510282B5EB6AF0069FC25 /* Preview Assets.xcassets */ = {isa = PBXFileReference; lastKnownFileType = folder.assetcatalog; path = "Preview Assets.xcassets"; sourceTree = "<group>"; };
		D595102E2B5EB6AF0069FC25 /* iExpenseTests.xctest */ = {isa = PBXFileReference; explicitFileType = wrapper.cfbundle; includeInIndex = 0; path = iExpenseTests.xctest; sourceTree = BUILT_PRODUCTS_DIR; };
		D59510322B5EB6AF0069FC25 /* iExpenseTests.swift */ = {isa = PBXFileReference; lastKnownFileType = sourcecode.swift; path = iExpenseTests.swift; sourceTree = "<group>"; };
		D59510382B5EB6AF0069FC25 /* iExpenseUITests.xctest */ = {isa = PBXFileReference; explicitFileType = wrapper.cfbundle; includeInIndex = 0; path = iExpenseUITests.xctest; sourceTree = BUILT_PRODUCTS_DIR; };
		D595103C2B5EB6AF0069FC25 /* iExpenseUITests.swift */ = {isa = PBXFileReference; lastKnownFileType = sourcecode.swift; path = iExpenseUITests.swift; sourceTree = "<group>"; };
		D595103E2B5EB6AF0069FC25 /* iExpenseUITestsLaunchTests.swift */ = {isa = PBXFileReference; lastKnownFileType = sourcecode.swift; path = iExpenseUITestsLaunchTests.swift; sourceTree = "<group>"; };
		D595104B2B5F11CC0069FC25 /* AddView.swift */ = {isa = PBXFileReference; lastKnownFileType = sourcecode.swift; path = AddView.swift; sourceTree = "<group>"; };
		D5E3755E2B7A8F05004389CF /* ExpenseItem.swift */ = {isa = PBXFileReference; lastKnownFileType = sourcecode.swift; path = ExpenseItem.swift; sourceTree = "<group>"; };
/* End PBXFileReference section */

/* Begin PBXFrameworksBuildPhase section */
		D595101B2B5EB6AE0069FC25 /* Frameworks */ = {
			isa = PBXFrameworksBuildPhase;
			buildActionMask = 2147483647;
			files = (
			);
			runOnlyForDeploymentPostprocessing = 0;
		};
		D595102B2B5EB6AF0069FC25 /* Frameworks */ = {
			isa = PBXFrameworksBuildPhase;
			buildActionMask = 2147483647;
			files = (
			);
			runOnlyForDeploymentPostprocessing = 0;
		};
		D59510352B5EB6AF0069FC25 /* Frameworks */ = {
			isa = PBXFrameworksBuildPhase;
			buildActionMask = 2147483647;
			files = (
			);
			runOnlyForDeploymentPostprocessing = 0;
		};
/* End PBXFrameworksBuildPhase section */

/* Begin PBXGroup section */
		D59510152B5EB6AE0069FC25 = {
			isa = PBXGroup;
			children = (
				D59510202B5EB6AE0069FC25 /* iExpense */,
				D59510312B5EB6AF0069FC25 /* iExpenseTests */,
				D595103B2B5EB6AF0069FC25 /* iExpenseUITests */,
				D595101F2B5EB6AE0069FC25 /* Products */,
			);
			sourceTree = "<group>";
		};
		D595101F2B5EB6AE0069FC25 /* Products */ = {
			isa = PBXGroup;
			children = (
				D595101E2B5EB6AE0069FC25 /* iExpense.app */,
				D595102E2B5EB6AF0069FC25 /* iExpenseTests.xctest */,
				D59510382B5EB6AF0069FC25 /* iExpenseUITests.xctest */,
			);
			name = Products;
			sourceTree = "<group>";
		};
		D59510202B5EB6AE0069FC25 /* iExpense */ = {
			isa = PBXGroup;
			children = (
				D59510212B5EB6AE0069FC25 /* iExpenseApp.swift */,
				D5E3755E2B7A8F05004389CF /* ExpenseItem.swift */,
				D59510232B5EB6AE0069FC25 /* ContentView.swift */,
				D595104B2B5F11CC0069FC25 /* AddView.swift */,
				D51E742C2B7AA31A00E2A6F9 /* AmountIconView.swift */,
				D51E742E2B7AA3BE00E2A6F9 /* ListView.swift */,
				D59510252B5EB6AF0069FC25 /* Assets.xcassets */,
				D59510272B5EB6AF0069FC25 /* Preview Content */,
			);
			path = iExpense;
			sourceTree = "<group>";
		};
		D59510272B5EB6AF0069FC25 /* Preview Content */ = {
			isa = PBXGroup;
			children = (
				D59510282B5EB6AF0069FC25 /* Preview Assets.xcassets */,
			);
			path = "Preview Content";
			sourceTree = "<group>";
		};
		D59510312B5EB6AF0069FC25 /* iExpenseTests */ = {
			isa = PBXGroup;
			children = (
				D59510322B5EB6AF0069FC25 /* iExpenseTests.swift */,
			);
			path = iExpenseTests;
			sourceTree = "<group>";
		};
		D595103B2B5EB6AF0069FC25 /* iExpenseUITests */ = {
			isa = PBXGroup;
			children = (
				D595103C2B5EB6AF0069FC25 /* iExpenseUITests.swift */,
				D595103E2B5EB6AF0069FC25 /* iExpenseUITestsLaunchTests.swift */,
			);
			path = iExpenseUITests;
			sourceTree = "<group>";
		};
/* End PBXGroup section */

/* Begin PBXNativeTarget section */
		D595101D2B5EB6AE0069FC25 /* iExpense */ = {
			isa = PBXNativeTarget;
			buildConfigurationList = D59510422B5EB6AF0069FC25 /* Build configuration list for PBXNativeTarget "iExpense" */;
			buildPhases = (
				D595101A2B5EB6AE0069FC25 /* Sources */,
				D595101B2B5EB6AE0069FC25 /* Frameworks */,
				D595101C2B5EB6AE0069FC25 /* Resources */,
			);
			buildRules = (
			);
			dependencies = (
			);
			name = iExpense;
			productName = iExpense;
			productReference = D595101E2B5EB6AE0069FC25 /* iExpense.app */;
			productType = "com.apple.product-type.application";
		};
		D595102D2B5EB6AF0069FC25 /* iExpenseTests */ = {
			isa = PBXNativeTarget;
			buildConfigurationList = D59510452B5EB6AF0069FC25 /* Build configuration list for PBXNativeTarget "iExpenseTests" */;
			buildPhases = (
				D595102A2B5EB6AF0069FC25 /* Sources */,
				D595102B2B5EB6AF0069FC25 /* Frameworks */,
				D595102C2B5EB6AF0069FC25 /* Resources */,
			);
			buildRules = (
			);
			dependencies = (
				D59510302B5EB6AF0069FC25 /* PBXTargetDependency */,
			);
			name = iExpenseTests;
			productName = iExpenseTests;
			productReference = D595102E2B5EB6AF0069FC25 /* iExpenseTests.xctest */;
			productType = "com.apple.product-type.bundle.unit-test";
		};
		D59510372B5EB6AF0069FC25 /* iExpenseUITests */ = {
			isa = PBXNativeTarget;
			buildConfigurationList = D59510482B5EB6AF0069FC25 /* Build configuration list for PBXNativeTarget "iExpenseUITests" */;
			buildPhases = (
				D59510342B5EB6AF0069FC25 /* Sources */,
				D59510352B5EB6AF0069FC25 /* Frameworks */,
				D59510362B5EB6AF0069FC25 /* Resources */,
			);
			buildRules = (
			);
			dependencies = (
				D595103A2B5EB6AF0069FC25 /* PBXTargetDependency */,
			);
			name = iExpenseUITests;
			productName = iExpenseUITests;
			productReference = D59510382B5EB6AF0069FC25 /* iExpenseUITests.xctest */;
			productType = "com.apple.product-type.bundle.ui-testing";
		};
/* End PBXNativeTarget section */

/* Begin PBXProject section */
		D59510162B5EB6AE0069FC25 /* Project object */ = {
			isa = PBXProject;
			attributes = {
				BuildIndependentTargetsInParallel = 1;
				LastSwiftUpdateCheck = 1510;
				LastUpgradeCheck = 1510;
				TargetAttributes = {
					D595101D2B5EB6AE0069FC25 = {
						CreatedOnToolsVersion = 15.1;
					};
					D595102D2B5EB6AF0069FC25 = {
						CreatedOnToolsVersion = 15.1;
						TestTargetID = D595101D2B5EB6AE0069FC25;
					};
					D59510372B5EB6AF0069FC25 = {
						CreatedOnToolsVersion = 15.1;
						TestTargetID = D595101D2B5EB6AE0069FC25;
					};
				};
			};
			buildConfigurationList = D59510192B5EB6AE0069FC25 /* Build configuration list for PBXProject "iExpense" */;
			compatibilityVersion = "Xcode 14.0";
			developmentRegion = en;
			hasScannedForEncodings = 0;
			knownRegions = (
				en,
				Base,
			);
			mainGroup = D59510152B5EB6AE0069FC25;
			productRefGroup = D595101F2B5EB6AE0069FC25 /* Products */;
			projectDirPath = "";
			projectRoot = "";
			targets = (
				D595101D2B5EB6AE0069FC25 /* iExpense */,
				D595102D2B5EB6AF0069FC25 /* iExpenseTests */,
				D59510372B5EB6AF0069FC25 /* iExpenseUITests */,
			);
		};
/* End PBXProject section */

/* Begin PBXResourcesBuildPhase section */
		D595101C2B5EB6AE0069FC25 /* Resources */ = {
			isa = PBXResourcesBuildPhase;
			buildActionMask = 2147483647;
			files = (
				D59510292B5EB6AF0069FC25 /* Preview Assets.xcassets in Resources */,
				D59510262B5EB6AF0069FC25 /* Assets.xcassets in Resources */,
			);
			runOnlyForDeploymentPostprocessing = 0;
		};
		D595102C2B5EB6AF0069FC25 /* Resources */ = {
			isa = PBXResourcesBuildPhase;
			buildActionMask = 2147483647;
			files = (
			);
			runOnlyForDeploymentPostprocessing = 0;
		};
		D59510362B5EB6AF0069FC25 /* Resources */ = {
			isa = PBXResourcesBuildPhase;
			buildActionMask = 2147483647;
			files = (
			);
			runOnlyForDeploymentPostprocessing = 0;
		};
/* End PBXResourcesBuildPhase section */

/* Begin PBXSourcesBuildPhase section */
		D595101A2B5EB6AE0069FC25 /* Sources */ = {
			isa = PBXSourcesBuildPhase;
			buildActionMask = 2147483647;
			files = (
				D59510242B5EB6AE0069FC25 /* ContentView.swift in Sources */,
				D59510222B5EB6AE0069FC25 /* iExpenseApp.swift in Sources */,
				D51E742F2B7AA3BE00E2A6F9 /* ListView.swift in Sources */,
				D51E742D2B7AA31A00E2A6F9 /* AmountIconView.swift in Sources */,
				D595104C2B5F11CC0069FC25 /* AddView.swift in Sources */,
				D5E3755F2B7A8F05004389CF /* ExpenseItem.swift in Sources */,
			);
			runOnlyForDeploymentPostprocessing = 0;
		};
		D595102A2B5EB6AF0069FC25 /* Sources */ = {
			isa = PBXSourcesBuildPhase;
			buildActionMask = 2147483647;
			files = (
				D59510332B5EB6AF0069FC25 /* iExpenseTests.swift in Sources */,
			);
			runOnlyForDeploymentPostprocessing = 0;
		};
		D59510342B5EB6AF0069FC25 /* Sources */ = {
			isa = PBXSourcesBuildPhase;
			buildActionMask = 2147483647;
			files = (
				D595103F2B5EB6AF0069FC25 /* iExpenseUITestsLaunchTests.swift in Sources */,
				D595103D2B5EB6AF0069FC25 /* iExpenseUITests.swift in Sources */,
			);
			runOnlyForDeploymentPostprocessing = 0;
		};
/* End PBXSourcesBuildPhase section */

/* Begin PBXTargetDependency section */
		D59510302B5EB6AF0069FC25 /* PBXTargetDependency */ = {
			isa = PBXTargetDependency;
			target = D595101D2B5EB6AE0069FC25 /* iExpense */;
			targetProxy = D595102F2B5EB6AF0069FC25 /* PBXContainerItemProxy */;
		};
		D595103A2B5EB6AF0069FC25 /* PBXTargetDependency */ = {
			isa = PBXTargetDependency;
			target = D595101D2B5EB6AE0069FC25 /* iExpense */;
			targetProxy = D59510392B5EB6AF0069FC25 /* PBXContainerItemProxy */;
		};
/* End PBXTargetDependency section */

/* Begin XCBuildConfiguration section */
		D59510402B5EB6AF0069FC25 /* Debug */ = {
			isa = XCBuildConfiguration;
			buildSettings = {
				ALWAYS_SEARCH_USER_PATHS = NO;
				ASSETCATALOG_COMPILER_GENERATE_SWIFT_ASSET_SYMBOL_EXTENSIONS = YES;
				CLANG_ANALYZER_NONNULL = YES;
				CLANG_ANALYZER_NUMBER_OBJECT_CONVERSION = YES_AGGRESSIVE;
				CLANG_CXX_LANGUAGE_STANDARD = "gnu++20";
				CLANG_ENABLE_MODULES = YES;
				CLANG_ENABLE_OBJC_ARC = YES;
				CLANG_ENABLE_OBJC_WEAK = YES;
				CLANG_WARN_BLOCK_CAPTURE_AUTORELEASING = YES;
				CLANG_WARN_BOOL_CONVERSION = YES;
				CLANG_WARN_COMMA = YES;
				CLANG_WARN_CONSTANT_CONVERSION = YES;
				CLANG_WARN_DEPRECATED_OBJC_IMPLEMENTATIONS = YES;
				CLANG_WARN_DIRECT_OBJC_ISA_USAGE = YES_ERROR;
				CLANG_WARN_DOCUMENTATION_COMMENTS = YES;
				CLANG_WARN_EMPTY_BODY = YES;
				CLANG_WARN_ENUM_CONVERSION = YES;
				CLANG_WARN_INFINITE_RECURSION = YES;
				CLANG_WARN_INT_CONVERSION = YES;
				CLANG_WARN_NON_LITERAL_NULL_CONVERSION = YES;
				CLANG_WARN_OBJC_IMPLICIT_RETAIN_SELF = YES;
				CLANG_WARN_OBJC_LITERAL_CONVERSION = YES;
				CLANG_WARN_OBJC_ROOT_CLASS = YES_ERROR;
				CLANG_WARN_QUOTED_INCLUDE_IN_FRAMEWORK_HEADER = YES;
				CLANG_WARN_RANGE_LOOP_ANALYSIS = YES;
				CLANG_WARN_STRICT_PROTOTYPES = YES;
				CLANG_WARN_SUSPICIOUS_MOVE = YES;
				CLANG_WARN_UNGUARDED_AVAILABILITY = YES_AGGRESSIVE;
				CLANG_WARN_UNREACHABLE_CODE = YES;
				CLANG_WARN__DUPLICATE_METHOD_MATCH = YES;
				COPY_PHASE_STRIP = NO;
				DEBUG_INFORMATION_FORMAT = dwarf;
				ENABLE_STRICT_OBJC_MSGSEND = YES;
				ENABLE_TESTABILITY = YES;
				ENABLE_USER_SCRIPT_SANDBOXING = YES;
				GCC_C_LANGUAGE_STANDARD = gnu17;
				GCC_DYNAMIC_NO_PIC = NO;
				GCC_NO_COMMON_BLOCKS = YES;
				GCC_OPTIMIZATION_LEVEL = 0;
				GCC_PREPROCESSOR_DEFINITIONS = (
					"DEBUG=1",
					"$(inherited)",
				);
				GCC_WARN_64_TO_32_BIT_CONVERSION = YES;
				GCC_WARN_ABOUT_RETURN_TYPE = YES_ERROR;
				GCC_WARN_UNDECLARED_SELECTOR = YES;
				GCC_WARN_UNINITIALIZED_AUTOS = YES_AGGRESSIVE;
				GCC_WARN_UNUSED_FUNCTION = YES;
				GCC_WARN_UNUSED_VARIABLE = YES;
				IPHONEOS_DEPLOYMENT_TARGET = 17.2;
				LOCALIZATION_PREFERS_STRING_CATALOGS = YES;
				MTL_ENABLE_DEBUG_INFO = INCLUDE_SOURCE;
				MTL_FAST_MATH = YES;
				ONLY_ACTIVE_ARCH = YES;
				SDKROOT = iphoneos;
				SWIFT_ACTIVE_COMPILATION_CONDITIONS = "DEBUG $(inherited)";
				SWIFT_OPTIMIZATION_LEVEL = "-Onone";
			};
			name = Debug;
		};
		D59510412B5EB6AF0069FC25 /* Release */ = {
			isa = XCBuildConfiguration;
			buildSettings = {
				ALWAYS_SEARCH_USER_PATHS = NO;
				ASSETCATALOG_COMPILER_GENERATE_SWIFT_ASSET_SYMBOL_EXTENSIONS = YES;
				CLANG_ANALYZER_NONNULL = YES;
				CLANG_ANALYZER_NUMBER_OBJECT_CONVERSION = YES_AGGRESSIVE;
				CLANG_CXX_LANGUAGE_STANDARD = "gnu++20";
				CLANG_ENABLE_MODULES = YES;
				CLANG_ENABLE_OBJC_ARC = YES;
				CLANG_ENABLE_OBJC_WEAK = YES;
				CLANG_WARN_BLOCK_CAPTURE_AUTORELEASING = YES;
				CLANG_WARN_BOOL_CONVERSION = YES;
				CLANG_WARN_COMMA = YES;
				CLANG_WARN_CONSTANT_CONVERSION = YES;
				CLANG_WARN_DEPRECATED_OBJC_IMPLEMENTATIONS = YES;
				CLANG_WARN_DIRECT_OBJC_ISA_USAGE = YES_ERROR;
				CLANG_WARN_DOCUMENTATION_COMMENTS = YES;
				CLANG_WARN_EMPTY_BODY = YES;
				CLANG_WARN_ENUM_CONVERSION = YES;
				CLANG_WARN_INFINITE_RECURSION = YES;
				CLANG_WARN_INT_CONVERSION = YES;
				CLANG_WARN_NON_LITERAL_NULL_CONVERSION = YES;
				CLANG_WARN_OBJC_IMPLICIT_RETAIN_SELF = YES;
				CLANG_WARN_OBJC_LITERAL_CONVERSION = YES;
				CLANG_WARN_OBJC_ROOT_CLASS = YES_ERROR;
				CLANG_WARN_QUOTED_INCLUDE_IN_FRAMEWORK_HEADER = YES;
				CLANG_WARN_RANGE_LOOP_ANALYSIS = YES;
				CLANG_WARN_STRICT_PROTOTYPES = YES;
				CLANG_WARN_SUSPICIOUS_MOVE = YES;
				CLANG_WARN_UNGUARDED_AVAILABILITY = YES_AGGRESSIVE;
				CLANG_WARN_UNREACHABLE_CODE = YES;
				CLANG_WARN__DUPLICATE_METHOD_MATCH = YES;
				COPY_PHASE_STRIP = NO;
				DEBUG_INFORMATION_FORMAT = "dwarf-with-dsym";
				ENABLE_NS_ASSERTIONS = NO;
				ENABLE_STRICT_OBJC_MSGSEND = YES;
				ENABLE_USER_SCRIPT_SANDBOXING = YES;
				GCC_C_LANGUAGE_STANDARD = gnu17;
				GCC_NO_COMMON_BLOCKS = YES;
				GCC_WARN_64_TO_32_BIT_CONVERSION = YES;
				GCC_WARN_ABOUT_RETURN_TYPE = YES_ERROR;
				GCC_WARN_UNDECLARED_SELECTOR = YES;
				GCC_WARN_UNINITIALIZED_AUTOS = YES_AGGRESSIVE;
				GCC_WARN_UNUSED_FUNCTION = YES;
				GCC_WARN_UNUSED_VARIABLE = YES;
				IPHONEOS_DEPLOYMENT_TARGET = 17.2;
				LOCALIZATION_PREFERS_STRING_CATALOGS = YES;
				MTL_ENABLE_DEBUG_INFO = NO;
				MTL_FAST_MATH = YES;
				SDKROOT = iphoneos;
				SWIFT_COMPILATION_MODE = wholemodule;
				VALIDATE_PRODUCT = YES;
			};
			name = Release;
		};
		D59510432B5EB6AF0069FC25 /* Debug */ = {
			isa = XCBuildConfiguration;
			buildSettings = {
				ASSETCATALOG_COMPILER_APPICON_NAME = AppIcon;
				ASSETCATALOG_COMPILER_GLOBAL_ACCENT_COLOR_NAME = AccentColor;
				CODE_SIGN_STYLE = Automatic;
				CURRENT_PROJECT_VERSION = 1;
				DEVELOPMENT_ASSET_PATHS = "\"iExpense/Preview Content\"";
				DEVELOPMENT_TEAM = 9Y77YPRNV3;
				ENABLE_PREVIEWS = YES;
				GENERATE_INFOPLIST_FILE = YES;
				INFOPLIST_KEY_UIApplicationSceneManifest_Generation = YES;
				INFOPLIST_KEY_UIApplicationSupportsIndirectInputEvents = YES;
				INFOPLIST_KEY_UILaunchScreen_Generation = YES;
				INFOPLIST_KEY_UISupportedInterfaceOrientations_iPad = "UIInterfaceOrientationPortrait UIInterfaceOrientationPortraitUpsideDown UIInterfaceOrientationLandscapeLeft UIInterfaceOrientationLandscapeRight";
				INFOPLIST_KEY_UISupportedInterfaceOrientations_iPhone = "UIInterfaceOrientationPortrait UIInterfaceOrientationLandscapeLeft UIInterfaceOrientationLandscapeRight";
				LD_RUNPATH_SEARCH_PATHS = (
					"$(inherited)",
					"@executable_path/Frameworks",
				);
				MARKETING_VERSION = 1.0;
				PRODUCT_BUNDLE_IDENTIFIER = com.deboralage.iExpense;
				PRODUCT_NAME = "$(TARGET_NAME)";
				SWIFT_EMIT_LOC_STRINGS = YES;
				SWIFT_VERSION = 5.0;
				TARGETED_DEVICE_FAMILY = "1,2";
			};
			name = Debug;
		};
		D59510442B5EB6AF0069FC25 /* Release */ = {
			isa = XCBuildConfiguration;
			buildSettings = {
				ASSETCATALOG_COMPILER_APPICON_NAME = AppIcon;
				ASSETCATALOG_COMPILER_GLOBAL_ACCENT_COLOR_NAME = AccentColor;
				CODE_SIGN_STYLE = Automatic;
				CURRENT_PROJECT_VERSION = 1;
				DEVELOPMENT_ASSET_PATHS = "\"iExpense/Preview Content\"";
				DEVELOPMENT_TEAM = 9Y77YPRNV3;
				ENABLE_PREVIEWS = YES;
				GENERATE_INFOPLIST_FILE = YES;
				INFOPLIST_KEY_UIApplicationSceneManifest_Generation = YES;
				INFOPLIST_KEY_UIApplicationSupportsIndirectInputEvents = YES;
				INFOPLIST_KEY_UILaunchScreen_Generation = YES;
				INFOPLIST_KEY_UISupportedInterfaceOrientations_iPad = "UIInterfaceOrientationPortrait UIInterfaceOrientationPortraitUpsideDown UIInterfaceOrientationLandscapeLeft UIInterfaceOrientationLandscapeRight";
				INFOPLIST_KEY_UISupportedInterfaceOrientations_iPhone = "UIInterfaceOrientationPortrait UIInterfaceOrientationLandscapeLeft UIInterfaceOrientationLandscapeRight";
				LD_RUNPATH_SEARCH_PATHS = (
					"$(inherited)",
					"@executable_path/Frameworks",
				);
				MARKETING_VERSION = 1.0;
				PRODUCT_BUNDLE_IDENTIFIER = com.deboralage.iExpense;
				PRODUCT_NAME = "$(TARGET_NAME)";
				SWIFT_EMIT_LOC_STRINGS = YES;
				SWIFT_VERSION = 5.0;
				TARGETED_DEVICE_FAMILY = "1,2";
			};
			name = Release;
		};
		D59510462B5EB6AF0069FC25 /* Debug */ = {
			isa = XCBuildConfiguration;
			buildSettings = {
				ALWAYS_EMBED_SWIFT_STANDARD_LIBRARIES = YES;
				BUNDLE_LOADER = "$(TEST_HOST)";
				CODE_SIGN_STYLE = Automatic;
				CURRENT_PROJECT_VERSION = 1;
				DEVELOPMENT_TEAM = 9Y77YPRNV3;
				GENERATE_INFOPLIST_FILE = YES;
				IPHONEOS_DEPLOYMENT_TARGET = 17.2;
				MARKETING_VERSION = 1.0;
				PRODUCT_BUNDLE_IDENTIFIER = com.deboralage.iExpenseTests;
				PRODUCT_NAME = "$(TARGET_NAME)";
				SWIFT_EMIT_LOC_STRINGS = NO;
				SWIFT_VERSION = 5.0;
				TARGETED_DEVICE_FAMILY = "1,2";
				TEST_HOST = "$(BUILT_PRODUCTS_DIR)/iExpense.app/$(BUNDLE_EXECUTABLE_FOLDER_PATH)/iExpense";
			};
			name = Debug;
		};
		D59510472B5EB6AF0069FC25 /* Release */ = {
			isa = XCBuildConfiguration;
			buildSettings = {
				ALWAYS_EMBED_SWIFT_STANDARD_LIBRARIES = YES;
				BUNDLE_LOADER = "$(TEST_HOST)";
				CODE_SIGN_STYLE = Automatic;
				CURRENT_PROJECT_VERSION = 1;
				DEVELOPMENT_TEAM = 9Y77YPRNV3;
				GENERATE_INFOPLIST_FILE = YES;
				IPHONEOS_DEPLOYMENT_TARGET = 17.2;
				MARKETING_VERSION = 1.0;
				PRODUCT_BUNDLE_IDENTIFIER = com.deboralage.iExpenseTests;
				PRODUCT_NAME = "$(TARGET_NAME)";
				SWIFT_EMIT_LOC_STRINGS = NO;
				SWIFT_VERSION = 5.0;
				TARGETED_DEVICE_FAMILY = "1,2";
				TEST_HOST = "$(BUILT_PRODUCTS_DIR)/iExpense.app/$(BUNDLE_EXECUTABLE_FOLDER_PATH)/iExpense";
			};
			name = Release;
		};
		D59510492B5EB6AF0069FC25 /* Debug */ = {
			isa = XCBuildConfiguration;
			buildSettings = {
				ALWAYS_EMBED_SWIFT_STANDARD_LIBRARIES = YES;
				CODE_SIGN_STYLE = Automatic;
				CURRENT_PROJECT_VERSION = 1;
				DEVELOPMENT_TEAM = 9Y77YPRNV3;
				GENERATE_INFOPLIST_FILE = YES;
				MARKETING_VERSION = 1.0;
				PRODUCT_BUNDLE_IDENTIFIER = com.deboralage.iExpenseUITests;
				PRODUCT_NAME = "$(TARGET_NAME)";
				SWIFT_EMIT_LOC_STRINGS = NO;
				SWIFT_VERSION = 5.0;
				TARGETED_DEVICE_FAMILY = "1,2";
				TEST_TARGET_NAME = iExpense;
			};
			name = Debug;
		};
		D595104A2B5EB6AF0069FC25 /* Release */ = {
			isa = XCBuildConfiguration;
			buildSettings = {
				ALWAYS_EMBED_SWIFT_STANDARD_LIBRARIES = YES;
				CODE_SIGN_STYLE = Automatic;
				CURRENT_PROJECT_VERSION = 1;
				DEVELOPMENT_TEAM = 9Y77YPRNV3;
				GENERATE_INFOPLIST_FILE = YES;
				MARKETING_VERSION = 1.0;
				PRODUCT_BUNDLE_IDENTIFIER = com.deboralage.iExpenseUITests;
				PRODUCT_NAME = "$(TARGET_NAME)";
				SWIFT_EMIT_LOC_STRINGS = NO;
				SWIFT_VERSION = 5.0;
				TARGETED_DEVICE_FAMILY = "1,2";
				TEST_TARGET_NAME = iExpense;
			};
			name = Release;
		};
/* End XCBuildConfiguration section */

/* Begin XCConfigurationList section */
		D59510192B5EB6AE0069FC25 /* Build configuration list for PBXProject "iExpense" */ = {
			isa = XCConfigurationList;
			buildConfigurations = (
				D59510402B5EB6AF0069FC25 /* Debug */,
				D59510412B5EB6AF0069FC25 /* Release */,
			);
			defaultConfigurationIsVisible = 0;
			defaultConfigurationName = Release;
		};
		D59510422B5EB6AF0069FC25 /* Build configuration list for PBXNativeTarget "iExpense" */ = {
			isa = XCConfigurationList;
			buildConfigurations = (
				D59510432B5EB6AF0069FC25 /* Debug */,
				D59510442B5EB6AF0069FC25 /* Release */,
			);
			defaultConfigurationIsVisible = 0;
			defaultConfigurationName = Release;
		};
		D59510452B5EB6AF0069FC25 /* Build configuration list for PBXNativeTarget "iExpenseTests" */ = {
			isa = XCConfigurationList;
			buildConfigurations = (
				D59510462B5EB6AF0069FC25 /* Debug */,
				D59510472B5EB6AF0069FC25 /* Release */,
			);
			defaultConfigurationIsVisible = 0;
			defaultConfigurationName = Release;
		};
		D59510482B5EB6AF0069FC25 /* Build configuration list for PBXNativeTarget "iExpenseUITests" */ = {
			isa = XCConfigurationList;
			buildConfigurations = (
				D59510492B5EB6AF0069FC25 /* Debug */,
				D595104A2B5EB6AF0069FC25 /* Release */,
			);
			defaultConfigurationIsVisible = 0;
			defaultConfigurationName = Release;
		};
/* End XCConfigurationList section */
	};
	rootObject = D59510162B5EB6AE0069FC25 /* Project object */;
}
