// !$*UTF8*$!
{
	archiveVersion = 1;
	classes = {
	};
	objectVersion = 55;
	objects = {

/* Begin PBXBuildFile section */
		D58E5D6E289B55D30025D49D /* Project1_WeSplitApp.swift in Sources */ = {isa = PBXBuildFile; fileRef = D58E5D6D289B55D30025D49D /* Project1_WeSplitApp.swift */; };
		D58E5D70289B55D30025D49D /* ContentView.swift in Sources */ = {isa = PBXBuildFile; fileRef = D58E5D6F289B55D30025D49D /* ContentView.swift */; };
		D58E5D72289B55D60025D49D /* Assets.xcassets in Resources */ = {isa = PBXBuildFile; fileRef = D58E5D71289B55D60025D49D /* Assets.xcassets */; };
		D58E5D75289B55D60025D49D /* Preview Assets.xcassets in Resources */ = {isa = PBXBuildFile; fileRef = D58E5D74289B55D60025D49D /* Preview Assets.xcassets */; };
		D58E5D7F289B55D60025D49D /* Project1_WeSplitTests.swift in Sources */ = {isa = PBXBuildFile; fileRef = D58E5D7E289B55D60025D49D /* Project1_WeSplitTests.swift */; };
		D58E5D89289B55D60025D49D /* Project1_WeSplitUITests.swift in Sources */ = {isa = PBXBuildFile; fileRef = D58E5D88289B55D60025D49D /* Project1_WeSplitUITests.swift */; };
		D58E5D8B289B55D60025D49D /* Project1_WeSplitUITestsLaunchTests.swift in Sources */ = {isa = PBXBuildFile; fileRef = D58E5D8A289B55D60025D49D /* Project1_WeSplitUITestsLaunchTests.swift */; };
/* End PBXBuildFile section */

/* Begin PBXContainerItemProxy section */
		D58E5D7B289B55D60025D49D /* PBXContainerItemProxy */ = {
			isa = PBXContainerItemProxy;
			containerPortal = D58E5D62289B55D30025D49D /* Project object */;
			proxyType = 1;
			remoteGlobalIDString = D58E5D69289B55D30025D49D;
			remoteInfo = "Project1-WeSplit";
		};
		D58E5D85289B55D60025D49D /* PBXContainerItemProxy */ = {
			isa = PBXContainerItemProxy;
			containerPortal = D58E5D62289B55D30025D49D /* Project object */;
			proxyType = 1;
			remoteGlobalIDString = D58E5D69289B55D30025D49D;
			remoteInfo = "Project1-WeSplit";
		};
/* End PBXContainerItemProxy section */

/* Begin PBXFileReference section */
		D58E5D6A289B55D30025D49D /* Project1-WeSplit.app */ = {isa = PBXFileReference; explicitFileType = wrapper.application; includeInIndex = 0; path = "Project1-WeSplit.app"; sourceTree = BUILT_PRODUCTS_DIR; };
		D58E5D6D289B55D30025D49D /* Project1_WeSplitApp.swift */ = {isa = PBXFileReference; lastKnownFileType = sourcecode.swift; path = Project1_WeSplitApp.swift; sourceTree = "<group>"; };
		D58E5D6F289B55D30025D49D /* ContentView.swift */ = {isa = PBXFileReference; lastKnownFileType = sourcecode.swift; path = ContentView.swift; sourceTree = "<group>"; };
		D58E5D71289B55D60025D49D /* Assets.xcassets */ = {isa = PBXFileReference; lastKnownFileType = folder.assetcatalog; path = Assets.xcassets; sourceTree = "<group>"; };
		D58E5D74289B55D60025D49D /* Preview Assets.xcassets */ = {isa = PBXFileReference; lastKnownFileType = folder.assetcatalog; path = "Preview Assets.xcassets"; sourceTree = "<group>"; };
		D58E5D7A289B55D60025D49D /* Project1-WeSplitTests.xctest */ = {isa = PBXFileReference; explicitFileType = wrapper.cfbundle; includeInIndex = 0; path = "Project1-WeSplitTests.xctest"; sourceTree = BUILT_PRODUCTS_DIR; };
		D58E5D7E289B55D60025D49D /* Project1_WeSplitTests.swift */ = {isa = PBXFileReference; lastKnownFileType = sourcecode.swift; path = Project1_WeSplitTests.swift; sourceTree = "<group>"; };
		D58E5D84289B55D60025D49D /* Project1-WeSplitUITests.xctest */ = {isa = PBXFileReference; explicitFileType = wrapper.cfbundle; includeInIndex = 0; path = "Project1-WeSplitUITests.xctest"; sourceTree = BUILT_PRODUCTS_DIR; };
		D58E5D88289B55D60025D49D /* Project1_WeSplitUITests.swift */ = {isa = PBXFileReference; lastKnownFileType = sourcecode.swift; path = Project1_WeSplitUITests.swift; sourceTree = "<group>"; };
		D58E5D8A289B55D60025D49D /* Project1_WeSplitUITestsLaunchTests.swift */ = {isa = PBXFileReference; lastKnownFileType = sourcecode.swift; path = Project1_WeSplitUITestsLaunchTests.swift; sourceTree = "<group>"; };
/* End PBXFileReference section */

/* Begin PBXFrameworksBuildPhase section */
		D58E5D67289B55D30025D49D /* Frameworks */ = {
			isa = PBXFrameworksBuildPhase;
			buildActionMask = 2147483647;
			files = (
			);
			runOnlyForDeploymentPostprocessing = 0;
		};
		D58E5D77289B55D60025D49D /* Frameworks */ = {
			isa = PBXFrameworksBuildPhase;
			buildActionMask = 2147483647;
			files = (
			);
			runOnlyForDeploymentPostprocessing = 0;
		};
		D58E5D81289B55D60025D49D /* Frameworks */ = {
			isa = PBXFrameworksBuildPhase;
			buildActionMask = 2147483647;
			files = (
			);
			runOnlyForDeploymentPostprocessing = 0;
		};
/* End PBXFrameworksBuildPhase section */

/* Begin PBXGroup section */
		D58E5D61289B55D30025D49D = {
			isa = PBXGroup;
			children = (
				D58E5D6C289B55D30025D49D /* Project1-WeSplit */,
				D58E5D7D289B55D60025D49D /* Project1-WeSplitTests */,
				D58E5D87289B55D60025D49D /* Project1-WeSplitUITests */,
				D58E5D6B289B55D30025D49D /* Products */,
			);
			sourceTree = "<group>";
		};
		D58E5D6B289B55D30025D49D /* Products */ = {
			isa = PBXGroup;
			children = (
				D58E5D6A289B55D30025D49D /* Project1-WeSplit.app */,
				D58E5D7A289B55D60025D49D /* Project1-WeSplitTests.xctest */,
				D58E5D84289B55D60025D49D /* Project1-WeSplitUITests.xctest */,
			);
			name = Products;
			sourceTree = "<group>";
		};
		D58E5D6C289B55D30025D49D /* Project1-WeSplit */ = {
			isa = PBXGroup;
			children = (
				D58E5D6D289B55D30025D49D /* Project1_WeSplitApp.swift */,
				D58E5D6F289B55D30025D49D /* ContentView.swift */,
				D58E5D71289B55D60025D49D /* Assets.xcassets */,
				D58E5D73289B55D60025D49D /* Preview Content */,
			);
			path = "Project1-WeSplit";
			sourceTree = "<group>";
		};
		D58E5D73289B55D60025D49D /* Preview Content */ = {
			isa = PBXGroup;
			children = (
				D58E5D74289B55D60025D49D /* Preview Assets.xcassets */,
			);
			path = "Preview Content";
			sourceTree = "<group>";
		};
		D58E5D7D289B55D60025D49D /* Project1-WeSplitTests */ = {
			isa = PBXGroup;
			children = (
				D58E5D7E289B55D60025D49D /* Project1_WeSplitTests.swift */,
			);
			path = "Project1-WeSplitTests";
			sourceTree = "<group>";
		};
		D58E5D87289B55D60025D49D /* Project1-WeSplitUITests */ = {
			isa = PBXGroup;
			children = (
				D58E5D88289B55D60025D49D /* Project1_WeSplitUITests.swift */,
				D58E5D8A289B55D60025D49D /* Project1_WeSplitUITestsLaunchTests.swift */,
			);
			path = "Project1-WeSplitUITests";
			sourceTree = "<group>";
		};
/* End PBXGroup section */

/* Begin PBXNativeTarget section */
		D58E5D69289B55D30025D49D /* Project1-WeSplit */ = {
			isa = PBXNativeTarget;
			buildConfigurationList = D58E5D8E289B55D60025D49D /* Build configuration list for PBXNativeTarget "Project1-WeSplit" */;
			buildPhases = (
				D58E5D66289B55D30025D49D /* Sources */,
				D58E5D67289B55D30025D49D /* Frameworks */,
				D58E5D68289B55D30025D49D /* Resources */,
			);
			buildRules = (
			);
			dependencies = (
			);
			name = "Project1-WeSplit";
			productName = "Project1-WeSplit";
			productReference = D58E5D6A289B55D30025D49D /* Project1-WeSplit.app */;
			productType = "com.apple.product-type.application";
		};
		D58E5D79289B55D60025D49D /* Project1-WeSplitTests */ = {
			isa = PBXNativeTarget;
			buildConfigurationList = D58E5D91289B55D60025D49D /* Build configuration list for PBXNativeTarget "Project1-WeSplitTests" */;
			buildPhases = (
				D58E5D76289B55D60025D49D /* Sources */,
				D58E5D77289B55D60025D49D /* Frameworks */,
				D58E5D78289B55D60025D49D /* Resources */,
			);
			buildRules = (
			);
			dependencies = (
				D58E5D7C289B55D60025D49D /* PBXTargetDependency */,
			);
			name = "Project1-WeSplitTests";
			productName = "Project1-WeSplitTests";
			productReference = D58E5D7A289B55D60025D49D /* Project1-WeSplitTests.xctest */;
			productType = "com.apple.product-type.bundle.unit-test";
		};
		D58E5D83289B55D60025D49D /* Project1-WeSplitUITests */ = {
			isa = PBXNativeTarget;
			buildConfigurationList = D58E5D94289B55D60025D49D /* Build configuration list for PBXNativeTarget "Project1-WeSplitUITests" */;
			buildPhases = (
				D58E5D80289B55D60025D49D /* Sources */,
				D58E5D81289B55D60025D49D /* Frameworks */,
				D58E5D82289B55D60025D49D /* Resources */,
			);
			buildRules = (
			);
			dependencies = (
				D58E5D86289B55D60025D49D /* PBXTargetDependency */,
			);
			name = "Project1-WeSplitUITests";
			productName = "Project1-WeSplitUITests";
			productReference = D58E5D84289B55D60025D49D /* Project1-WeSplitUITests.xctest */;
			productType = "com.apple.product-type.bundle.ui-testing";
		};
/* End PBXNativeTarget section */

/* Begin PBXProject section */
		D58E5D62289B55D30025D49D /* Project object */ = {
			isa = PBXProject;
			attributes = {
				BuildIndependentTargetsInParallel = 1;
				LastSwiftUpdateCheck = 1330;
				LastUpgradeCheck = 1330;
				TargetAttributes = {
					D58E5D69289B55D30025D49D = {
						CreatedOnToolsVersion = 13.3.1;
					};
					D58E5D79289B55D60025D49D = {
						CreatedOnToolsVersion = 13.3.1;
						TestTargetID = D58E5D69289B55D30025D49D;
					};
					D58E5D83289B55D60025D49D = {
						CreatedOnToolsVersion = 13.3.1;
						TestTargetID = D58E5D69289B55D30025D49D;
					};
				};
			};
			buildConfigurationList = D58E5D65289B55D30025D49D /* Build configuration list for PBXProject "Project1-WeSplit" */;
			compatibilityVersion = "Xcode 13.0";
			developmentRegion = en;
			hasScannedForEncodings = 0;
			knownRegions = (
				en,
				Base,
			);
			mainGroup = D58E5D61289B55D30025D49D;
			productRefGroup = D58E5D6B289B55D30025D49D /* Products */;
			projectDirPath = "";
			projectRoot = "";
			targets = (
				D58E5D69289B55D30025D49D /* Project1-WeSplit */,
				D58E5D79289B55D60025D49D /* Project1-WeSplitTests */,
				D58E5D83289B55D60025D49D /* Project1-WeSplitUITests */,
			);
		};
/* End PBXProject section */

/* Begin PBXResourcesBuildPhase section */
		D58E5D68289B55D30025D49D /* Resources */ = {
			isa = PBXResourcesBuildPhase;
			buildActionMask = 2147483647;
			files = (
				D58E5D75289B55D60025D49D /* Preview Assets.xcassets in Resources */,
				D58E5D72289B55D60025D49D /* Assets.xcassets in Resources */,
			);
			runOnlyForDeploymentPostprocessing = 0;
		};
		D58E5D78289B55D60025D49D /* Resources */ = {
			isa = PBXResourcesBuildPhase;
			buildActionMask = 2147483647;
			files = (
			);
			runOnlyForDeploymentPostprocessing = 0;
		};
		D58E5D82289B55D60025D49D /* Resources */ = {
			isa = PBXResourcesBuildPhase;
			buildActionMask = 2147483647;
			files = (
			);
			runOnlyForDeploymentPostprocessing = 0;
		};
/* End PBXResourcesBuildPhase section */

/* Begin PBXSourcesBuildPhase section */
		D58E5D66289B55D30025D49D /* Sources */ = {
			isa = PBXSourcesBuildPhase;
			buildActionMask = 2147483647;
			files = (
				D58E5D70289B55D30025D49D /* ContentView.swift in Sources */,
				D58E5D6E289B55D30025D49D /* Project1_WeSplitApp.swift in Sources */,
			);
			runOnlyForDeploymentPostprocessing = 0;
		};
		D58E5D76289B55D60025D49D /* Sources */ = {
			isa = PBXSourcesBuildPhase;
			buildActionMask = 2147483647;
			files = (
				D58E5D7F289B55D60025D49D /* Project1_WeSplitTests.swift in Sources */,
			);
			runOnlyForDeploymentPostprocessing = 0;
		};
		D58E5D80289B55D60025D49D /* Sources */ = {
			isa = PBXSourcesBuildPhase;
			buildActionMask = 2147483647;
			files = (
				D58E5D89289B55D60025D49D /* Project1_WeSplitUITests.swift in Sources */,
				D58E5D8B289B55D60025D49D /* Project1_WeSplitUITestsLaunchTests.swift in Sources */,
			);
			runOnlyForDeploymentPostprocessing = 0;
		};
/* End PBXSourcesBuildPhase section */

/* Begin PBXTargetDependency section */
		D58E5D7C289B55D60025D49D /* PBXTargetDependency */ = {
			isa = PBXTargetDependency;
			target = D58E5D69289B55D30025D49D /* Project1-WeSplit */;
			targetProxy = D58E5D7B289B55D60025D49D /* PBXContainerItemProxy */;
		};
		D58E5D86289B55D60025D49D /* PBXTargetDependency */ = {
			isa = PBXTargetDependency;
			target = D58E5D69289B55D30025D49D /* Project1-WeSplit */;
			targetProxy = D58E5D85289B55D60025D49D /* PBXContainerItemProxy */;
		};
/* End PBXTargetDependency section */

/* Begin XCBuildConfiguration section */
		D58E5D8C289B55D60025D49D /* Debug */ = {
			isa = XCBuildConfiguration;
			buildSettings = {
				ALWAYS_SEARCH_USER_PATHS = NO;
				CLANG_ANALYZER_NONNULL = YES;
				CLANG_ANALYZER_NUMBER_OBJECT_CONVERSION = YES_AGGRESSIVE;
				CLANG_CXX_LANGUAGE_STANDARD = "gnu++17";
				CLANG_ENABLE_MODULES = YES;
				CLANG_ENABLE_OBJC_ARC = YES;
				CLANG_ENABLE_OBJC_WEAK = YES;
				CLANG_WARN_BLOCK_CAPTURE_AUTORELEASING = YES;
				CLANG_WARN_BOOL_CONVERSION = YES;
				CLANG_WARN_COMMA = YES;
				CLANG_WARN_CONSTANT_CONVERSION = YES;
				CLANG_WARN_DEPRECATED_OBJC_IMPLEMENTATIONS = YES;
				CLANG_WARN_DIRECT_OBJC_ISA_USAGE = YES_ERROR;
				CLANG_WARN_DOCUMENTATION_COMMENTS = YES;
				CLANG_WARN_EMPTY_BODY = YES;
				CLANG_WARN_ENUM_CONVERSION = YES;
				CLANG_WARN_INFINITE_RECURSION = YES;
				CLANG_WARN_INT_CONVERSION = YES;
				CLANG_WARN_NON_LITERAL_NULL_CONVERSION = YES;
				CLANG_WARN_OBJC_IMPLICIT_RETAIN_SELF = YES;
				CLANG_WARN_OBJC_LITERAL_CONVERSION = YES;
				CLANG_WARN_OBJC_ROOT_CLASS = YES_ERROR;
				CLANG_WARN_QUOTED_INCLUDE_IN_FRAMEWORK_HEADER = YES;
				CLANG_WARN_RANGE_LOOP_ANALYSIS = YES;
				CLANG_WARN_STRICT_PROTOTYPES = YES;
				CLANG_WARN_SUSPICIOUS_MOVE = YES;
				CLANG_WARN_UNGUARDED_AVAILABILITY = YES_AGGRESSIVE;
				CLANG_WARN_UNREACHABLE_CODE = YES;
				CLANG_WARN__DUPLICATE_METHOD_MATCH = YES;
				COPY_PHASE_STRIP = NO;
				DEBUG_INFORMATION_FORMAT = dwarf;
				ENABLE_STRICT_OBJC_MSGSEND = YES;
				ENABLE_TESTABILITY = YES;
				GCC_C_LANGUAGE_STANDARD = gnu11;
				GCC_DYNAMIC_NO_PIC = NO;
				GCC_NO_COMMON_BLOCKS = YES;
				GCC_OPTIMIZATION_LEVEL = 0;
				GCC_PREPROCESSOR_DEFINITIONS = (
					"DEBUG=1",
					"$(inherited)",
				);
				GCC_WARN_64_TO_32_BIT_CONVERSION = YES;
				GCC_WARN_ABOUT_RETURN_TYPE = YES_ERROR;
				GCC_WARN_UNDECLARED_SELECTOR = YES;
				GCC_WARN_UNINITIALIZED_AUTOS = YES_AGGRESSIVE;
				GCC_WARN_UNUSED_FUNCTION = YES;
				GCC_WARN_UNUSED_VARIABLE = YES;
				IPHONEOS_DEPLOYMENT_TARGET = 15.4;
				MTL_ENABLE_DEBUG_INFO = INCLUDE_SOURCE;
				MTL_FAST_MATH = YES;
				ONLY_ACTIVE_ARCH = YES;
				SDKROOT = iphoneos;
				SWIFT_ACTIVE_COMPILATION_CONDITIONS = DEBUG;
				SWIFT_OPTIMIZATION_LEVEL = "-Onone";
			};
			name = Debug;
		};
		D58E5D8D289B55D60025D49D /* Release */ = {
			isa = XCBuildConfiguration;
			buildSettings = {
				ALWAYS_SEARCH_USER_PATHS = NO;
				CLANG_ANALYZER_NONNULL = YES;
				CLANG_ANALYZER_NUMBER_OBJECT_CONVERSION = YES_AGGRESSIVE;
				CLANG_CXX_LANGUAGE_STANDARD = "gnu++17";
				CLANG_ENABLE_MODULES = YES;
				CLANG_ENABLE_OBJC_ARC = YES;
				CLANG_ENABLE_OBJC_WEAK = YES;
				CLANG_WARN_BLOCK_CAPTURE_AUTORELEASING = YES;
				CLANG_WARN_BOOL_CONVERSION = YES;
				CLANG_WARN_COMMA = YES;
				CLANG_WARN_CONSTANT_CONVERSION = YES;
				CLANG_WARN_DEPRECATED_OBJC_IMPLEMENTATIONS = YES;
				CLANG_WARN_DIRECT_OBJC_ISA_USAGE = YES_ERROR;
				CLANG_WARN_DOCUMENTATION_COMMENTS = YES;
				CLANG_WARN_EMPTY_BODY = YES;
				CLANG_WARN_ENUM_CONVERSION = YES;
				CLANG_WARN_INFINITE_RECURSION = YES;
				CLANG_WARN_INT_CONVERSION = YES;
				CLANG_WARN_NON_LITERAL_NULL_CONVERSION = YES;
				CLANG_WARN_OBJC_IMPLICIT_RETAIN_SELF = YES;
				CLANG_WARN_OBJC_LITERAL_CONVERSION = YES;
				CLANG_WARN_OBJC_ROOT_CLASS = YES_ERROR;
				CLANG_WARN_QUOTED_INCLUDE_IN_FRAMEWORK_HEADER = YES;
				CLANG_WARN_RANGE_LOOP_ANALYSIS = YES;
				CLANG_WARN_STRICT_PROTOTYPES = YES;
				CLANG_WARN_SUSPICIOUS_MOVE = YES;
				CLANG_WARN_UNGUARDED_AVAILABILITY = YES_AGGRESSIVE;
				CLANG_WARN_UNREACHABLE_CODE = YES;
				CLANG_WARN__DUPLICATE_METHOD_MATCH = YES;
				COPY_PHASE_STRIP = NO;
				DEBUG_INFORMATION_FORMAT = "dwarf-with-dsym";
				ENABLE_NS_ASSERTIONS = NO;
				ENABLE_STRICT_OBJC_MSGSEND = YES;
				GCC_C_LANGUAGE_STANDARD = gnu11;
				GCC_NO_COMMON_BLOCKS = YES;
				GCC_WARN_64_TO_32_BIT_CONVERSION = YES;
				GCC_WARN_ABOUT_RETURN_TYPE = YES_ERROR;
				GCC_WARN_UNDECLARED_SELECTOR = YES;
				GCC_WARN_UNINITIALIZED_AUTOS = YES_AGGRESSIVE;
				GCC_WARN_UNUSED_FUNCTION = YES;
				GCC_WARN_UNUSED_VARIABLE = YES;
				IPHONEOS_DEPLOYMENT_TARGET = 15.4;
				MTL_ENABLE_DEBUG_INFO = NO;
				MTL_FAST_MATH = YES;
				SDKROOT = iphoneos;
				SWIFT_COMPILATION_MODE = wholemodule;
				SWIFT_OPTIMIZATION_LEVEL = "-O";
				VALIDATE_PRODUCT = YES;
			};
			name = Release;
		};
		D58E5D8F289B55D60025D49D /* Debug */ = {
			isa = XCBuildConfiguration;
			buildSettings = {
				ASSETCATALOG_COMPILER_APPICON_NAME = AppIcon;
				ASSETCATALOG_COMPILER_GLOBAL_ACCENT_COLOR_NAME = AccentColor;
				CODE_SIGN_STYLE = Automatic;
				CURRENT_PROJECT_VERSION = 1;
				DEVELOPMENT_ASSET_PATHS = "\"Project1-WeSplit/Preview Content\"";
				DEVELOPMENT_TEAM = 9Y77YPRNV3;
				ENABLE_PREVIEWS = YES;
				GENERATE_INFOPLIST_FILE = YES;
				INFOPLIST_KEY_UIApplicationSceneManifest_Generation = YES;
				INFOPLIST_KEY_UIApplicationSupportsIndirectInputEvents = YES;
				INFOPLIST_KEY_UILaunchScreen_Generation = YES;
				INFOPLIST_KEY_UISupportedInterfaceOrientations_iPad = "UIInterfaceOrientationPortrait UIInterfaceOrientationPortraitUpsideDown UIInterfaceOrientationLandscapeLeft UIInterfaceOrientationLandscapeRight";
				INFOPLIST_KEY_UISupportedInterfaceOrientations_iPhone = "UIInterfaceOrientationPortrait UIInterfaceOrientationLandscapeLeft UIInterfaceOrientationLandscapeRight";
				LD_RUNPATH_SEARCH_PATHS = (
					"$(inherited)",
					"@executable_path/Frameworks",
				);
				MARKETING_VERSION = 1.0;
				PRODUCT_BUNDLE_IDENTIFIER = "com.deboralage.Project1-WeSplit";
				PRODUCT_NAME = "$(TARGET_NAME)";
				SWIFT_EMIT_LOC_STRINGS = YES;
				SWIFT_VERSION = 5.0;
				TARGETED_DEVICE_FAMILY = "1,2";
			};
			name = Debug;
		};
		D58E5D90289B55D60025D49D /* Release */ = {
			isa = XCBuildConfiguration;
			buildSettings = {
				ASSETCATALOG_COMPILER_APPICON_NAME = AppIcon;
				ASSETCATALOG_COMPILER_GLOBAL_ACCENT_COLOR_NAME = AccentColor;
				CODE_SIGN_STYLE = Automatic;
				CURRENT_PROJECT_VERSION = 1;
				DEVELOPMENT_ASSET_PATHS = "\"Project1-WeSplit/Preview Content\"";
				DEVELOPMENT_TEAM = 9Y77YPRNV3;
				ENABLE_PREVIEWS = YES;
				GENERATE_INFOPLIST_FILE = YES;
				INFOPLIST_KEY_UIApplicationSceneManifest_Generation = YES;
				INFOPLIST_KEY_UIApplicationSupportsIndirectInputEvents = YES;
				INFOPLIST_KEY_UILaunchScreen_Generation = YES;
				INFOPLIST_KEY_UISupportedInterfaceOrientations_iPad = "UIInterfaceOrientationPortrait UIInterfaceOrientationPortraitUpsideDown UIInterfaceOrientationLandscapeLeft UIInterfaceOrientationLandscapeRight";
				INFOPLIST_KEY_UISupportedInterfaceOrientations_iPhone = "UIInterfaceOrientationPortrait UIInterfaceOrientationLandscapeLeft UIInterfaceOrientationLandscapeRight";
				LD_RUNPATH_SEARCH_PATHS = (
					"$(inherited)",
					"@executable_path/Frameworks",
				);
				MARKETING_VERSION = 1.0;
				PRODUCT_BUNDLE_IDENTIFIER = "com.deboralage.Project1-WeSplit";
				PRODUCT_NAME = "$(TARGET_NAME)";
				SWIFT_EMIT_LOC_STRINGS = YES;
				SWIFT_VERSION = 5.0;
				TARGETED_DEVICE_FAMILY = "1,2";
			};
			name = Release;
		};
		D58E5D92289B55D60025D49D /* Debug */ = {
			isa = XCBuildConfiguration;
			buildSettings = {
				ALWAYS_EMBED_SWIFT_STANDARD_LIBRARIES = YES;
				BUNDLE_LOADER = "$(TEST_HOST)";
				CODE_SIGN_STYLE = Automatic;
				CURRENT_PROJECT_VERSION = 1;
				DEVELOPMENT_TEAM = 9Y77YPRNV3;
				GENERATE_INFOPLIST_FILE = YES;
				IPHONEOS_DEPLOYMENT_TARGET = 15.4;
				MARKETING_VERSION = 1.0;
				PRODUCT_BUNDLE_IDENTIFIER = "com.deboralage.Project1-WeSplitTests";
				PRODUCT_NAME = "$(TARGET_NAME)";
				SWIFT_EMIT_LOC_STRINGS = NO;
				SWIFT_VERSION = 5.0;
				TARGETED_DEVICE_FAMILY = "1,2";
				TEST_HOST = "$(BUILT_PRODUCTS_DIR)/Project1-WeSplit.app/Project1-WeSplit";
			};
			name = Debug;
		};
		D58E5D93289B55D60025D49D /* Release */ = {
			isa = XCBuildConfiguration;
			buildSettings = {
				ALWAYS_EMBED_SWIFT_STANDARD_LIBRARIES = YES;
				BUNDLE_LOADER = "$(TEST_HOST)";
				CODE_SIGN_STYLE = Automatic;
				CURRENT_PROJECT_VERSION = 1;
				DEVELOPMENT_TEAM = 9Y77YPRNV3;
				GENERATE_INFOPLIST_FILE = YES;
				IPHONEOS_DEPLOYMENT_TARGET = 15.4;
				MARKETING_VERSION = 1.0;
				PRODUCT_BUNDLE_IDENTIFIER = "com.deboralage.Project1-WeSplitTests";
				PRODUCT_NAME = "$(TARGET_NAME)";
				SWIFT_EMIT_LOC_STRINGS = NO;
				SWIFT_VERSION = 5.0;
				TARGETED_DEVICE_FAMILY = "1,2";
				TEST_HOST = "$(BUILT_PRODUCTS_DIR)/Project1-WeSplit.app/Project1-WeSplit";
			};
			name = Release;
		};
		D58E5D95289B55D60025D49D /* Debug */ = {
			isa = XCBuildConfiguration;
			buildSettings = {
				ALWAYS_EMBED_SWIFT_STANDARD_LIBRARIES = YES;
				CODE_SIGN_STYLE = Automatic;
				CURRENT_PROJECT_VERSION = 1;
				DEVELOPMENT_TEAM = 9Y77YPRNV3;
				GENERATE_INFOPLIST_FILE = YES;
				MARKETING_VERSION = 1.0;
				PRODUCT_BUNDLE_IDENTIFIER = "com.deboralage.Project1-WeSplitUITests";
				PRODUCT_NAME = "$(TARGET_NAME)";
				SWIFT_EMIT_LOC_STRINGS = NO;
				SWIFT_VERSION = 5.0;
				TARGETED_DEVICE_FAMILY = "1,2";
				TEST_TARGET_NAME = "Project1-WeSplit";
			};
			name = Debug;
		};
		D58E5D96289B55D60025D49D /* Release */ = {
			isa = XCBuildConfiguration;
			buildSettings = {
				ALWAYS_EMBED_SWIFT_STANDARD_LIBRARIES = YES;
				CODE_SIGN_STYLE = Automatic;
				CURRENT_PROJECT_VERSION = 1;
				DEVELOPMENT_TEAM = 9Y77YPRNV3;
				GENERATE_INFOPLIST_FILE = YES;
				MARKETING_VERSION = 1.0;
				PRODUCT_BUNDLE_IDENTIFIER = "com.deboralage.Project1-WeSplitUITests";
				PRODUCT_NAME = "$(TARGET_NAME)";
				SWIFT_EMIT_LOC_STRINGS = NO;
				SWIFT_VERSION = 5.0;
				TARGETED_DEVICE_FAMILY = "1,2";
				TEST_TARGET_NAME = "Project1-WeSplit";
			};
			name = Release;
		};
/* End XCBuildConfiguration section */

/* Begin XCConfigurationList section */
		D58E5D65289B55D30025D49D /* Build configuration list for PBXProject "Project1-WeSplit" */ = {
			isa = XCConfigurationList;
			buildConfigurations = (
				D58E5D8C289B55D60025D49D /* Debug */,
				D58E5D8D289B55D60025D49D /* Release */,
			);
			defaultConfigurationIsVisible = 0;
			defaultConfigurationName = Release;
		};
		D58E5D8E289B55D60025D49D /* Build configuration list for PBXNativeTarget "Project1-WeSplit" */ = {
			isa = XCConfigurationList;
			buildConfigurations = (
				D58E5D8F289B55D60025D49D /* Debug */,
				D58E5D90289B55D60025D49D /* Release */,
			);
			defaultConfigurationIsVisible = 0;
			defaultConfigurationName = Release;
		};
		D58E5D91289B55D60025D49D /* Build configuration list for PBXNativeTarget "Project1-WeSplitTests" */ = {
			isa = XCConfigurationList;
			buildConfigurations = (
				D58E5D92289B55D60025D49D /* Debug */,
				D58E5D93289B55D60025D49D /* Release */,
			);
			defaultConfigurationIsVisible = 0;
			defaultConfigurationName = Release;
		};
		D58E5D94289B55D60025D49D /* Build configuration list for PBXNativeTarget "Project1-WeSplitUITests" */ = {
			isa = XCConfigurationList;
			buildConfigurations = (
				D58E5D95289B55D60025D49D /* Debug */,
				D58E5D96289B55D60025D49D /* Release */,
			);
			defaultConfigurationIsVisible = 0;
			defaultConfigurationName = Release;
		};
/* End XCConfigurationList section */
	};
	rootObject = D58E5D62289B55D30025D49D /* Project object */;
}
