// !$*UTF8*$!
{
	archiveVersion = 1;
	classes = {
	};
	objectVersion = 56;
	objects = {

/* Begin PBXBuildFile section */
		D514B3322B6D6D4400E1B9A0 /* BookwormApp.swift in Sources */ = {isa = PBXBuildFile; fileRef = D514B3312B6D6D4400E1B9A0 /* BookwormApp.swift */; };
		D514B3362B6D6D4500E1B9A0 /* Assets.xcassets in Resources */ = {isa = PBXBuildFile; fileRef = D514B3352B6D6D4500E1B9A0 /* Assets.xcassets */; };
		D514B3392B6D6D4500E1B9A0 /* Preview Assets.xcassets in Resources */ = {isa = PBXBuildFile; fileRef = D514B3382B6D6D4500E1B9A0 /* Preview Assets.xcassets */; };
		D514B3432B6D6D4500E1B9A0 /* BookwormTests.swift in Sources */ = {isa = PBXBuildFile; fileRef = D514B3422B6D6D4500E1B9A0 /* BookwormTests.swift */; };
		D514B34D2B6D6D4500E1B9A0 /* BookwormUITests.swift in Sources */ = {isa = PBXBuildFile; fileRef = D514B34C2B6D6D4500E1B9A0 /* BookwormUITests.swift */; };
		D514B34F2B6D6D4500E1B9A0 /* BookwormUITestsLaunchTests.swift in Sources */ = {isa = PBXBuildFile; fileRef = D514B34E2B6D6D4500E1B9A0 /* BookwormUITestsLaunchTests.swift */; };
		D5331FAA2B7265FB00BD13CF /* Book.swift in Sources */ = {isa = PBXBuildFile; fileRef = D5331FA92B7265FB00BD13CF /* Book.swift */; };
		D5331FAC2B72668300BD13CF /* AddBookView.swift in Sources */ = {isa = PBXBuildFile; fileRef = D5331FAB2B72668300BD13CF /* AddBookView.swift */; };
		D5B59E942B71BA5E00B7407E /* ContentView.swift in Sources */ = {isa = PBXBuildFile; fileRef = D5B59E932B71BA5E00B7407E /* ContentView.swift */; };
/* End PBXBuildFile section */

/* Begin PBXContainerItemProxy section */
		D514B33F2B6D6D4500E1B9A0 /* PBXContainerItemProxy */ = {
			isa = PBXContainerItemProxy;
			containerPortal = D514B3262B6D6D4400E1B9A0 /* Project object */;
			proxyType = 1;
			remoteGlobalIDString = D514B32D2B6D6D4400E1B9A0;
			remoteInfo = Bookworm;
		};
		D514B3492B6D6D4500E1B9A0 /* PBXContainerItemProxy */ = {
			isa = PBXContainerItemProxy;
			containerPortal = D514B3262B6D6D4400E1B9A0 /* Project object */;
			proxyType = 1;
			remoteGlobalIDString = D514B32D2B6D6D4400E1B9A0;
			remoteInfo = Bookworm;
		};
/* End PBXContainerItemProxy section */

/* Begin PBXFileReference section */
		D514B32E2B6D6D4400E1B9A0 /* Bookworm.app */ = {isa = PBXFileReference; explicitFileType = wrapper.application; includeInIndex = 0; path = Bookworm.app; sourceTree = BUILT_PRODUCTS_DIR; };
		D514B3312B6D6D4400E1B9A0 /* BookwormApp.swift */ = {isa = PBXFileReference; lastKnownFileType = sourcecode.swift; path = BookwormApp.swift; sourceTree = "<group>"; };
		D514B3352B6D6D4500E1B9A0 /* Assets.xcassets */ = {isa = PBXFileReference; lastKnownFileType = folder.assetcatalog; path = Assets.xcassets; sourceTree = "<group>"; };
		D514B3382B6D6D4500E1B9A0 /* Preview Assets.xcassets */ = {isa = PBXFileReference; lastKnownFileType = folder.assetcatalog; path = "Preview Assets.xcassets"; sourceTree = "<group>"; };
		D514B33E2B6D6D4500E1B9A0 /* BookwormTests.xctest */ = {isa = PBXFileReference; explicitFileType = wrapper.cfbundle; includeInIndex = 0; path = BookwormTests.xctest; sourceTree = BUILT_PRODUCTS_DIR; };
		D514B3422B6D6D4500E1B9A0 /* BookwormTests.swift */ = {isa = PBXFileReference; lastKnownFileType = sourcecode.swift; path = BookwormTests.swift; sourceTree = "<group>"; };
		D514B3482B6D6D4500E1B9A0 /* BookwormUITests.xctest */ = {isa = PBXFileReference; explicitFileType = wrapper.cfbundle; includeInIndex = 0; path = BookwormUITests.xctest; sourceTree = BUILT_PRODUCTS_DIR; };
		D514B34C2B6D6D4500E1B9A0 /* BookwormUITests.swift */ = {isa = PBXFileReference; lastKnownFileType = sourcecode.swift; path = BookwormUITests.swift; sourceTree = "<group>"; };
		D514B34E2B6D6D4500E1B9A0 /* BookwormUITestsLaunchTests.swift */ = {isa = PBXFileReference; lastKnownFileType = sourcecode.swift; path = BookwormUITestsLaunchTests.swift; sourceTree = "<group>"; };
		D5331FA92B7265FB00BD13CF /* Book.swift */ = {isa = PBXFileReference; lastKnownFileType = sourcecode.swift; path = Book.swift; sourceTree = "<group>"; };
		D5331FAB2B72668300BD13CF /* AddBookView.swift */ = {isa = PBXFileReference; lastKnownFileType = sourcecode.swift; path = AddBookView.swift; sourceTree = "<group>"; };
		D5B59E932B71BA5E00B7407E /* ContentView.swift */ = {isa = PBXFileReference; lastKnownFileType = sourcecode.swift; path = ContentView.swift; sourceTree = "<group>"; };
/* End PBXFileReference section */

/* Begin PBXFrameworksBuildPhase section */
		D514B32B2B6D6D4400E1B9A0 /* Frameworks */ = {
			isa = PBXFrameworksBuildPhase;
			buildActionMask = 2147483647;
			files = (
			);
			runOnlyForDeploymentPostprocessing = 0;
		};
		D514B33B2B6D6D4500E1B9A0 /* Frameworks */ = {
			isa = PBXFrameworksBuildPhase;
			buildActionMask = 2147483647;
			files = (
			);
			runOnlyForDeploymentPostprocessing = 0;
		};
		D514B3452B6D6D4500E1B9A0 /* Frameworks */ = {
			isa = PBXFrameworksBuildPhase;
			buildActionMask = 2147483647;
			files = (
			);
			runOnlyForDeploymentPostprocessing = 0;
		};
/* End PBXFrameworksBuildPhase section */

/* Begin PBXGroup section */
		D514B3252B6D6D4400E1B9A0 = {
			isa = PBXGroup;
			children = (
				D514B3302B6D6D4400E1B9A0 /* Bookworm */,
				D514B3412B6D6D4500E1B9A0 /* BookwormTests */,
				D514B34B2B6D6D4500E1B9A0 /* BookwormUITests */,
				D514B32F2B6D6D4400E1B9A0 /* Products */,
			);
			sourceTree = "<group>";
		};
		D514B32F2B6D6D4400E1B9A0 /* Products */ = {
			isa = PBXGroup;
			children = (
				D514B32E2B6D6D4400E1B9A0 /* Bookworm.app */,
				D514B33E2B6D6D4500E1B9A0 /* BookwormTests.xctest */,
				D514B3482B6D6D4500E1B9A0 /* BookwormUITests.xctest */,
			);
			name = Products;
			sourceTree = "<group>";
		};
		D514B3302B6D6D4400E1B9A0 /* Bookworm */ = {
			isa = PBXGroup;
			children = (
				D5B59E932B71BA5E00B7407E /* ContentView.swift */,
				D514B3312B6D6D4400E1B9A0 /* BookwormApp.swift */,
				D5331FAB2B72668300BD13CF /* AddBookView.swift */,
				D5331FA92B7265FB00BD13CF /* Book.swift */,
				D514B3352B6D6D4500E1B9A0 /* Assets.xcassets */,
				D514B3372B6D6D4500E1B9A0 /* Preview Content */,
			);
			path = Bookworm;
			sourceTree = "<group>";
		};
		D514B3372B6D6D4500E1B9A0 /* Preview Content */ = {
			isa = PBXGroup;
			children = (
				D514B3382B6D6D4500E1B9A0 /* Preview Assets.xcassets */,
			);
			path = "Preview Content";
			sourceTree = "<group>";
		};
		D514B3412B6D6D4500E1B9A0 /* BookwormTests */ = {
			isa = PBXGroup;
			children = (
				D514B3422B6D6D4500E1B9A0 /* BookwormTests.swift */,
			);
			path = BookwormTests;
			sourceTree = "<group>";
		};
		D514B34B2B6D6D4500E1B9A0 /* BookwormUITests */ = {
			isa = PBXGroup;
			children = (
				D514B34C2B6D6D4500E1B9A0 /* BookwormUITests.swift */,
				D514B34E2B6D6D4500E1B9A0 /* BookwormUITestsLaunchTests.swift */,
			);
			path = BookwormUITests;
			sourceTree = "<group>";
		};
/* End PBXGroup section */

/* Begin PBXNativeTarget section */
		D514B32D2B6D6D4400E1B9A0 /* Bookworm */ = {
			isa = PBXNativeTarget;
			buildConfigurationList = D514B3522B6D6D4500E1B9A0 /* Build configuration list for PBXNativeTarget "Bookworm" */;
			buildPhases = (
				D514B32A2B6D6D4400E1B9A0 /* Sources */,
				D514B32B2B6D6D4400E1B9A0 /* Frameworks */,
				D514B32C2B6D6D4400E1B9A0 /* Resources */,
			);
			buildRules = (
			);
			dependencies = (
			);
			name = Bookworm;
			productName = Bookworm;
			productReference = D514B32E2B6D6D4400E1B9A0 /* Bookworm.app */;
			productType = "com.apple.product-type.application";
		};
		D514B33D2B6D6D4500E1B9A0 /* BookwormTests */ = {
			isa = PBXNativeTarget;
			buildConfigurationList = D514B3552B6D6D4500E1B9A0 /* Build configuration list for PBXNativeTarget "BookwormTests" */;
			buildPhases = (
				D514B33A2B6D6D4500E1B9A0 /* Sources */,
				D514B33B2B6D6D4500E1B9A0 /* Frameworks */,
				D514B33C2B6D6D4500E1B9A0 /* Resources */,
			);
			buildRules = (
			);
			dependencies = (
				D514B3402B6D6D4500E1B9A0 /* PBXTargetDependency */,
			);
			name = BookwormTests;
			productName = BookwormTests;
			productReference = D514B33E2B6D6D4500E1B9A0 /* BookwormTests.xctest */;
			productType = "com.apple.product-type.bundle.unit-test";
		};
		D514B3472B6D6D4500E1B9A0 /* BookwormUITests */ = {
			isa = PBXNativeTarget;
			buildConfigurationList = D514B3582B6D6D4500E1B9A0 /* Build configuration list for PBXNativeTarget "BookwormUITests" */;
			buildPhases = (
				D514B3442B6D6D4500E1B9A0 /* Sources */,
				D514B3452B6D6D4500E1B9A0 /* Frameworks */,
				D514B3462B6D6D4500E1B9A0 /* Resources */,
			);
			buildRules = (
			);
			dependencies = (
				D514B34A2B6D6D4500E1B9A0 /* PBXTargetDependency */,
			);
			name = BookwormUITests;
			productName = BookwormUITests;
			productReference = D514B3482B6D6D4500E1B9A0 /* BookwormUITests.xctest */;
			productType = "com.apple.product-type.bundle.ui-testing";
		};
/* End PBXNativeTarget section */

/* Begin PBXProject section */
		D514B3262B6D6D4400E1B9A0 /* Project object */ = {
			isa = PBXProject;
			attributes = {
				BuildIndependentTargetsInParallel = 1;
				LastSwiftUpdateCheck = 1510;
				LastUpgradeCheck = 1510;
				TargetAttributes = {
					D514B32D2B6D6D4400E1B9A0 = {
						CreatedOnToolsVersion = 15.1;
					};
					D514B33D2B6D6D4500E1B9A0 = {
						CreatedOnToolsVersion = 15.1;
						TestTargetID = D514B32D2B6D6D4400E1B9A0;
					};
					D514B3472B6D6D4500E1B9A0 = {
						CreatedOnToolsVersion = 15.1;
						TestTargetID = D514B32D2B6D6D4400E1B9A0;
					};
				};
			};
			buildConfigurationList = D514B3292B6D6D4400E1B9A0 /* Build configuration list for PBXProject "Bookworm" */;
			compatibilityVersion = "Xcode 14.0";
			developmentRegion = en;
			hasScannedForEncodings = 0;
			knownRegions = (
				en,
				Base,
			);
			mainGroup = D514B3252B6D6D4400E1B9A0;
			productRefGroup = D514B32F2B6D6D4400E1B9A0 /* Products */;
			projectDirPath = "";
			projectRoot = "";
			targets = (
				D514B32D2B6D6D4400E1B9A0 /* Bookworm */,
				D514B33D2B6D6D4500E1B9A0 /* BookwormTests */,
				D514B3472B6D6D4500E1B9A0 /* BookwormUITests */,
			);
		};
/* End PBXProject section */

/* Begin PBXResourcesBuildPhase section */
		D514B32C2B6D6D4400E1B9A0 /* Resources */ = {
			isa = PBXResourcesBuildPhase;
			buildActionMask = 2147483647;
			files = (
				D514B3392B6D6D4500E1B9A0 /* Preview Assets.xcassets in Resources */,
				D514B3362B6D6D4500E1B9A0 /* Assets.xcassets in Resources */,
			);
			runOnlyForDeploymentPostprocessing = 0;
		};
		D514B33C2B6D6D4500E1B9A0 /* Resources */ = {
			isa = PBXResourcesBuildPhase;
			buildActionMask = 2147483647;
			files = (
			);
			runOnlyForDeploymentPostprocessing = 0;
		};
		D514B3462B6D6D4500E1B9A0 /* Resources */ = {
			isa = PBXResourcesBuildPhase;
			buildActionMask = 2147483647;
			files = (
			);
			runOnlyForDeploymentPostprocessing = 0;
		};
/* End PBXResourcesBuildPhase section */

/* Begin PBXSourcesBuildPhase section */
		D514B32A2B6D6D4400E1B9A0 /* Sources */ = {
			isa = PBXSourcesBuildPhase;
			buildActionMask = 2147483647;
			files = (
				D5B59E942B71BA5E00B7407E /* ContentView.swift in Sources */,
				D514B3322B6D6D4400E1B9A0 /* BookwormApp.swift in Sources */,
				D5331FAA2B7265FB00BD13CF /* Book.swift in Sources */,
				D5331FAC2B72668300BD13CF /* AddBookView.swift in Sources */,
			);
			runOnlyForDeploymentPostprocessing = 0;
		};
		D514B33A2B6D6D4500E1B9A0 /* Sources */ = {
			isa = PBXSourcesBuildPhase;
			buildActionMask = 2147483647;
			files = (
				D514B3432B6D6D4500E1B9A0 /* BookwormTests.swift in Sources */,
			);
			runOnlyForDeploymentPostprocessing = 0;
		};
		D514B3442B6D6D4500E1B9A0 /* Sources */ = {
			isa = PBXSourcesBuildPhase;
			buildActionMask = 2147483647;
			files = (
				D514B34F2B6D6D4500E1B9A0 /* BookwormUITestsLaunchTests.swift in Sources */,
				D514B34D2B6D6D4500E1B9A0 /* BookwormUITests.swift in Sources */,
			);
			runOnlyForDeploymentPostprocessing = 0;
		};
/* End PBXSourcesBuildPhase section */

/* Begin PBXTargetDependency section */
		D514B3402B6D6D4500E1B9A0 /* PBXTargetDependency */ = {
			isa = PBXTargetDependency;
			target = D514B32D2B6D6D4400E1B9A0 /* Bookworm */;
			targetProxy = D514B33F2B6D6D4500E1B9A0 /* PBXContainerItemProxy */;
		};
		D514B34A2B6D6D4500E1B9A0 /* PBXTargetDependency */ = {
			isa = PBXTargetDependency;
			target = D514B32D2B6D6D4400E1B9A0 /* Bookworm */;
			targetProxy = D514B3492B6D6D4500E1B9A0 /* PBXContainerItemProxy */;
		};
/* End PBXTargetDependency section */

/* Begin XCBuildConfiguration section */
		D514B3502B6D6D4500E1B9A0 /* Debug */ = {
			isa = XCBuildConfiguration;
			buildSettings = {
				ALWAYS_SEARCH_USER_PATHS = NO;
				ASSETCATALOG_COMPILER_GENERATE_SWIFT_ASSET_SYMBOL_EXTENSIONS = YES;
				CLANG_ANALYZER_NONNULL = YES;
				CLANG_ANALYZER_NUMBER_OBJECT_CONVERSION = YES_AGGRESSIVE;
				CLANG_CXX_LANGUAGE_STANDARD = "gnu++20";
				CLANG_ENABLE_MODULES = YES;
				CLANG_ENABLE_OBJC_ARC = YES;
				CLANG_ENABLE_OBJC_WEAK = YES;
				CLANG_WARN_BLOCK_CAPTURE_AUTORELEASING = YES;
				CLANG_WARN_BOOL_CONVERSION = YES;
				CLANG_WARN_COMMA = YES;
				CLANG_WARN_CONSTANT_CONVERSION = YES;
				CLANG_WARN_DEPRECATED_OBJC_IMPLEMENTATIONS = YES;
				CLANG_WARN_DIRECT_OBJC_ISA_USAGE = YES_ERROR;
				CLANG_WARN_DOCUMENTATION_COMMENTS = YES;
				CLANG_WARN_EMPTY_BODY = YES;
				CLANG_WARN_ENUM_CONVERSION = YES;
				CLANG_WARN_INFINITE_RECURSION = YES;
				CLANG_WARN_INT_CONVERSION = YES;
				CLANG_WARN_NON_LITERAL_NULL_CONVERSION = YES;
				CLANG_WARN_OBJC_IMPLICIT_RETAIN_SELF = YES;
				CLANG_WARN_OBJC_LITERAL_CONVERSION = YES;
				CLANG_WARN_OBJC_ROOT_CLASS = YES_ERROR;
				CLANG_WARN_QUOTED_INCLUDE_IN_FRAMEWORK_HEADER = YES;
				CLANG_WARN_RANGE_LOOP_ANALYSIS = YES;
				CLANG_WARN_STRICT_PROTOTYPES = YES;
				CLANG_WARN_SUSPICIOUS_MOVE = YES;
				CLANG_WARN_UNGUARDED_AVAILABILITY = YES_AGGRESSIVE;
				CLANG_WARN_UNREACHABLE_CODE = YES;
				CLANG_WARN__DUPLICATE_METHOD_MATCH = YES;
				COPY_PHASE_STRIP = NO;
				DEBUG_INFORMATION_FORMAT = dwarf;
				ENABLE_STRICT_OBJC_MSGSEND = YES;
				ENABLE_TESTABILITY = YES;
				ENABLE_USER_SCRIPT_SANDBOXING = YES;
				GCC_C_LANGUAGE_STANDARD = gnu17;
				GCC_DYNAMIC_NO_PIC = NO;
				GCC_NO_COMMON_BLOCKS = YES;
				GCC_OPTIMIZATION_LEVEL = 0;
				GCC_PREPROCESSOR_DEFINITIONS = (
					"DEBUG=1",
					"$(inherited)",
				);
				GCC_WARN_64_TO_32_BIT_CONVERSION = YES;
				GCC_WARN_ABOUT_RETURN_TYPE = YES_ERROR;
				GCC_WARN_UNDECLARED_SELECTOR = YES;
				GCC_WARN_UNINITIALIZED_AUTOS = YES_AGGRESSIVE;
				GCC_WARN_UNUSED_FUNCTION = YES;
				GCC_WARN_UNUSED_VARIABLE = YES;
				IPHONEOS_DEPLOYMENT_TARGET = 17.2;
				LOCALIZATION_PREFERS_STRING_CATALOGS = YES;
				MTL_ENABLE_DEBUG_INFO = INCLUDE_SOURCE;
				MTL_FAST_MATH = YES;
				ONLY_ACTIVE_ARCH = YES;
				SDKROOT = iphoneos;
				SWIFT_ACTIVE_COMPILATION_CONDITIONS = "DEBUG $(inherited)";
				SWIFT_OPTIMIZATION_LEVEL = "-Onone";
			};
			name = Debug;
		};
		D514B3512B6D6D4500E1B9A0 /* Release */ = {
			isa = XCBuildConfiguration;
			buildSettings = {
				ALWAYS_SEARCH_USER_PATHS = NO;
				ASSETCATALOG_COMPILER_GENERATE_SWIFT_ASSET_SYMBOL_EXTENSIONS = YES;
				CLANG_ANALYZER_NONNULL = YES;
				CLANG_ANALYZER_NUMBER_OBJECT_CONVERSION = YES_AGGRESSIVE;
				CLANG_CXX_LANGUAGE_STANDARD = "gnu++20";
				CLANG_ENABLE_MODULES = YES;
				CLANG_ENABLE_OBJC_ARC = YES;
				CLANG_ENABLE_OBJC_WEAK = YES;
				CLANG_WARN_BLOCK_CAPTURE_AUTORELEASING = YES;
				CLANG_WARN_BOOL_CONVERSION = YES;
				CLANG_WARN_COMMA = YES;
				CLANG_WARN_CONSTANT_CONVERSION = YES;
				CLANG_WARN_DEPRECATED_OBJC_IMPLEMENTATIONS = YES;
				CLANG_WARN_DIRECT_OBJC_ISA_USAGE = YES_ERROR;
				CLANG_WARN_DOCUMENTATION_COMMENTS = YES;
				CLANG_WARN_EMPTY_BODY = YES;
				CLANG_WARN_ENUM_CONVERSION = YES;
				CLANG_WARN_INFINITE_RECURSION = YES;
				CLANG_WARN_INT_CONVERSION = YES;
				CLANG_WARN_NON_LITERAL_NULL_CONVERSION = YES;
				CLANG_WARN_OBJC_IMPLICIT_RETAIN_SELF = YES;
				CLANG_WARN_OBJC_LITERAL_CONVERSION = YES;
				CLANG_WARN_OBJC_ROOT_CLASS = YES_ERROR;
				CLANG_WARN_QUOTED_INCLUDE_IN_FRAMEWORK_HEADER = YES;
				CLANG_WARN_RANGE_LOOP_ANALYSIS = YES;
				CLANG_WARN_STRICT_PROTOTYPES = YES;
				CLANG_WARN_SUSPICIOUS_MOVE = YES;
				CLANG_WARN_UNGUARDED_AVAILABILITY = YES_AGGRESSIVE;
				CLANG_WARN_UNREACHABLE_CODE = YES;
				CLANG_WARN__DUPLICATE_METHOD_MATCH = YES;
				COPY_PHASE_STRIP = NO;
				DEBUG_INFORMATION_FORMAT = "dwarf-with-dsym";
				ENABLE_NS_ASSERTIONS = NO;
				ENABLE_STRICT_OBJC_MSGSEND = YES;
				ENABLE_USER_SCRIPT_SANDBOXING = YES;
				GCC_C_LANGUAGE_STANDARD = gnu17;
				GCC_NO_COMMON_BLOCKS = YES;
				GCC_WARN_64_TO_32_BIT_CONVERSION = YES;
				GCC_WARN_ABOUT_RETURN_TYPE = YES_ERROR;
				GCC_WARN_UNDECLARED_SELECTOR = YES;
				GCC_WARN_UNINITIALIZED_AUTOS = YES_AGGRESSIVE;
				GCC_WARN_UNUSED_FUNCTION = YES;
				GCC_WARN_UNUSED_VARIABLE = YES;
				IPHONEOS_DEPLOYMENT_TARGET = 17.2;
				LOCALIZATION_PREFERS_STRING_CATALOGS = YES;
				MTL_ENABLE_DEBUG_INFO = NO;
				MTL_FAST_MATH = YES;
				SDKROOT = iphoneos;
				SWIFT_COMPILATION_MODE = wholemodule;
				VALIDATE_PRODUCT = YES;
			};
			name = Release;
		};
		D514B3532B6D6D4500E1B9A0 /* Debug */ = {
			isa = XCBuildConfiguration;
			buildSettings = {
				ASSETCATALOG_COMPILER_APPICON_NAME = AppIcon;
				ASSETCATALOG_COMPILER_GLOBAL_ACCENT_COLOR_NAME = AccentColor;
				CODE_SIGN_STYLE = Automatic;
				CURRENT_PROJECT_VERSION = 1;
				DEVELOPMENT_ASSET_PATHS = "\"Bookworm/Preview Content\"";
				DEVELOPMENT_TEAM = 9Y77YPRNV3;
				ENABLE_PREVIEWS = YES;
				GENERATE_INFOPLIST_FILE = YES;
				INFOPLIST_KEY_UIApplicationSceneManifest_Generation = YES;
				INFOPLIST_KEY_UIApplicationSupportsIndirectInputEvents = YES;
				INFOPLIST_KEY_UILaunchScreen_Generation = YES;
				INFOPLIST_KEY_UISupportedInterfaceOrientations_iPad = "UIInterfaceOrientationPortrait UIInterfaceOrientationPortraitUpsideDown UIInterfaceOrientationLandscapeLeft UIInterfaceOrientationLandscapeRight";
				INFOPLIST_KEY_UISupportedInterfaceOrientations_iPhone = "UIInterfaceOrientationPortrait UIInterfaceOrientationLandscapeLeft UIInterfaceOrientationLandscapeRight";
				IPHONEOS_DEPLOYMENT_TARGET = 17.0;
				LD_RUNPATH_SEARCH_PATHS = (
					"$(inherited)",
					"@executable_path/Frameworks",
				);
				MARKETING_VERSION = 1.0;
				PRODUCT_BUNDLE_IDENTIFIER = com.deboralage.Bookworm;
				PRODUCT_NAME = "$(TARGET_NAME)";
				SWIFT_EMIT_LOC_STRINGS = YES;
				SWIFT_VERSION = 5.0;
				TARGETED_DEVICE_FAMILY = "1,2";
			};
			name = Debug;
		};
		D514B3542B6D6D4500E1B9A0 /* Release */ = {
			isa = XCBuildConfiguration;
			buildSettings = {
				ASSETCATALOG_COMPILER_APPICON_NAME = AppIcon;
				ASSETCATALOG_COMPILER_GLOBAL_ACCENT_COLOR_NAME = AccentColor;
				CODE_SIGN_STYLE = Automatic;
				CURRENT_PROJECT_VERSION = 1;
				DEVELOPMENT_ASSET_PATHS = "\"Bookworm/Preview Content\"";
				DEVELOPMENT_TEAM = 9Y77YPRNV3;
				ENABLE_PREVIEWS = YES;
				GENERATE_INFOPLIST_FILE = YES;
				INFOPLIST_KEY_UIApplicationSceneManifest_Generation = YES;
				INFOPLIST_KEY_UIApplicationSupportsIndirectInputEvents = YES;
				INFOPLIST_KEY_UILaunchScreen_Generation = YES;
				INFOPLIST_KEY_UISupportedInterfaceOrientations_iPad = "UIInterfaceOrientationPortrait UIInterfaceOrientationPortraitUpsideDown UIInterfaceOrientationLandscapeLeft UIInterfaceOrientationLandscapeRight";
				INFOPLIST_KEY_UISupportedInterfaceOrientations_iPhone = "UIInterfaceOrientationPortrait UIInterfaceOrientationLandscapeLeft UIInterfaceOrientationLandscapeRight";
				IPHONEOS_DEPLOYMENT_TARGET = 17.0;
				LD_RUNPATH_SEARCH_PATHS = (
					"$(inherited)",
					"@executable_path/Frameworks",
				);
				MARKETING_VERSION = 1.0;
				PRODUCT_BUNDLE_IDENTIFIER = com.deboralage.Bookworm;
				PRODUCT_NAME = "$(TARGET_NAME)";
				SWIFT_EMIT_LOC_STRINGS = YES;
				SWIFT_VERSION = 5.0;
				TARGETED_DEVICE_FAMILY = "1,2";
			};
			name = Release;
		};
		D514B3562B6D6D4500E1B9A0 /* Debug */ = {
			isa = XCBuildConfiguration;
			buildSettings = {
				ALWAYS_EMBED_SWIFT_STANDARD_LIBRARIES = YES;
				BUNDLE_LOADER = "$(TEST_HOST)";
				CODE_SIGN_STYLE = Automatic;
				CURRENT_PROJECT_VERSION = 1;
				DEVELOPMENT_TEAM = 9Y77YPRNV3;
				GENERATE_INFOPLIST_FILE = YES;
				IPHONEOS_DEPLOYMENT_TARGET = 17.2;
				MARKETING_VERSION = 1.0;
				PRODUCT_BUNDLE_IDENTIFIER = com.deboralage.BookwormTests;
				PRODUCT_NAME = "$(TARGET_NAME)";
				SWIFT_EMIT_LOC_STRINGS = NO;
				SWIFT_VERSION = 5.0;
				TARGETED_DEVICE_FAMILY = "1,2";
				TEST_HOST = "$(BUILT_PRODUCTS_DIR)/Bookworm.app/$(BUNDLE_EXECUTABLE_FOLDER_PATH)/Bookworm";
			};
			name = Debug;
		};
		D514B3572B6D6D4500E1B9A0 /* Release */ = {
			isa = XCBuildConfiguration;
			buildSettings = {
				ALWAYS_EMBED_SWIFT_STANDARD_LIBRARIES = YES;
				BUNDLE_LOADER = "$(TEST_HOST)";
				CODE_SIGN_STYLE = Automatic;
				CURRENT_PROJECT_VERSION = 1;
				DEVELOPMENT_TEAM = 9Y77YPRNV3;
				GENERATE_INFOPLIST_FILE = YES;
				IPHONEOS_DEPLOYMENT_TARGET = 17.2;
				MARKETING_VERSION = 1.0;
				PRODUCT_BUNDLE_IDENTIFIER = com.deboralage.BookwormTests;
				PRODUCT_NAME = "$(TARGET_NAME)";
				SWIFT_EMIT_LOC_STRINGS = NO;
				SWIFT_VERSION = 5.0;
				TARGETED_DEVICE_FAMILY = "1,2";
				TEST_HOST = "$(BUILT_PRODUCTS_DIR)/Bookworm.app/$(BUNDLE_EXECUTABLE_FOLDER_PATH)/Bookworm";
			};
			name = Release;
		};
		D514B3592B6D6D4500E1B9A0 /* Debug */ = {
			isa = XCBuildConfiguration;
			buildSettings = {
				ALWAYS_EMBED_SWIFT_STANDARD_LIBRARIES = YES;
				CODE_SIGN_STYLE = Automatic;
				CURRENT_PROJECT_VERSION = 1;
				DEVELOPMENT_TEAM = 9Y77YPRNV3;
				GENERATE_INFOPLIST_FILE = YES;
				MARKETING_VERSION = 1.0;
				PRODUCT_BUNDLE_IDENTIFIER = com.deboralage.BookwormUITests;
				PRODUCT_NAME = "$(TARGET_NAME)";
				SWIFT_EMIT_LOC_STRINGS = NO;
				SWIFT_VERSION = 5.0;
				TARGETED_DEVICE_FAMILY = "1,2";
				TEST_TARGET_NAME = Bookworm;
			};
			name = Debug;
		};
		D514B35A2B6D6D4500E1B9A0 /* Release */ = {
			isa = XCBuildConfiguration;
			buildSettings = {
				ALWAYS_EMBED_SWIFT_STANDARD_LIBRARIES = YES;
				CODE_SIGN_STYLE = Automatic;
				CURRENT_PROJECT_VERSION = 1;
				DEVELOPMENT_TEAM = 9Y77YPRNV3;
				GENERATE_INFOPLIST_FILE = YES;
				MARKETING_VERSION = 1.0;
				PRODUCT_BUNDLE_IDENTIFIER = com.deboralage.BookwormUITests;
				PRODUCT_NAME = "$(TARGET_NAME)";
				SWIFT_EMIT_LOC_STRINGS = NO;
				SWIFT_VERSION = 5.0;
				TARGETED_DEVICE_FAMILY = "1,2";
				TEST_TARGET_NAME = Bookworm;
			};
			name = Release;
		};
/* End XCBuildConfiguration section */

/* Begin XCConfigurationList section */
		D514B3292B6D6D4400E1B9A0 /* Build configuration list for PBXProject "Bookworm" */ = {
			isa = XCConfigurationList;
			buildConfigurations = (
				D514B3502B6D6D4500E1B9A0 /* Debug */,
				D514B3512B6D6D4500E1B9A0 /* Release */,
			);
			defaultConfigurationIsVisible = 0;
			defaultConfigurationName = Release;
		};
		D514B3522B6D6D4500E1B9A0 /* Build configuration list for PBXNativeTarget "Bookworm" */ = {
			isa = XCConfigurationList;
			buildConfigurations = (
				D514B3532B6D6D4500E1B9A0 /* Debug */,
				D514B3542B6D6D4500E1B9A0 /* Release */,
			);
			defaultConfigurationIsVisible = 0;
			defaultConfigurationName = Release;
		};
		D514B3552B6D6D4500E1B9A0 /* Build configuration list for PBXNativeTarget "BookwormTests" */ = {
			isa = XCConfigurationList;
			buildConfigurations = (
				D514B3562B6D6D4500E1B9A0 /* Debug */,
				D514B3572B6D6D4500E1B9A0 /* Release */,
			);
			defaultConfigurationIsVisible = 0;
			defaultConfigurationName = Release;
		};
		D514B3582B6D6D4500E1B9A0 /* Build configuration list for PBXNativeTarget "BookwormUITests" */ = {
			isa = XCConfigurationList;
			buildConfigurations = (
				D514B3592B6D6D4500E1B9A0 /* Debug */,
				D514B35A2B6D6D4500E1B9A0 /* Release */,
			);
			defaultConfigurationIsVisible = 0;
			defaultConfigurationName = Release;
		};
/* End XCConfigurationList section */
	};
	rootObject = D514B3262B6D6D4400E1B9A0 /* Project object */;
}
